
Microsoft Visual Studio Solution File, Format Version 12.00
# Visual Studio Version 17
VisualStudioVersion = 17.13.35931.197 d17.13
MinimumVisualStudioVersion = 10.0.40219.1
Project("{FAE04EC0-301F-11D3-BF4B-00C04F79EFBC}") = "Blazor", "Blazor\Blazor.csproj", "{ECA01F6A-1321-47CF-A6C4-ACCB7DD7AAE7}"
EndProject
Global
	GlobalSection(SolutionConfigurationPlatforms) = preSolution
		Debug|Any CPU = Debug|Any CPU
		Release|Any CPU = Release|Any CPU
	EndGlobalSection
	GlobalSection(ProjectConfigurationPlatforms) = postSolution
		{ECA01F6A-1321-47CF-A6C4-ACCB7DD7AAE7}.Debug|Any CPU.ActiveCfg = Debug|Any CPU
		{ECA01F6A-1321-47CF-A6C4-ACCB7DD7AAE7}.Debug|Any CPU.Build.0 = Debug|Any CPU
		{ECA01F6A-1321-47CF-A6C4-ACCB7DD7AAE7}.Release|Any CPU.ActiveCfg = Release|Any CPU
		{ECA01F6A-1321-47CF-A6C4-ACCB7DD7AAE7}.Release|Any CPU.Build.0 = Release|Any CPU
	EndGlobalSection
	GlobalSection(SolutionProperties) = preSolution
		HideSolutionNode = FALSE
	EndGlobalSection
	GlobalSection(ExtensibilityGlobals) = postSolution
		SolutionGuid = {43966A05-6016-4DFB-BAE5-C6C8E56AA35A}
	EndGlobalSection
EndGlobal
